// !$*UTF8*$!
{
	archiveVersion = 1;
	classes = {
	};
	objectVersion = 52;
	objects = {

/* Begin PBXBuildFile section */
		221F6414254A618000BA8AF2 /* AppDelegate.swift in Sources */ = {isa = PBXBuildFile; fileRef = 221F6413254A618000BA8AF2 /* AppDelegate.swift */; };
		221F6416254A618000BA8AF2 /* SceneDelegate.swift in Sources */ = {isa = PBXBuildFile; fileRef = 221F6415254A618000BA8AF2 /* SceneDelegate.swift */; };
		221F6418254A618000BA8AF2 /* ContentView.swift in Sources */ = {isa = PBXBuildFile; fileRef = 221F6417254A618000BA8AF2 /* ContentView.swift */; };
		221F641A254A618300BA8AF2 /* Assets.xcassets in Resources */ = {isa = PBXBuildFile; fileRef = 221F6419254A618300BA8AF2 /* Assets.xcassets */; };
		221F641D254A618300BA8AF2 /* Preview Assets.xcassets in Resources */ = {isa = PBXBuildFile; fileRef = 221F641C254A618300BA8AF2 /* Preview Assets.xcassets */; };
		221F6420254A618300BA8AF2 /* LaunchScreen.storyboard in Resources */ = {isa = PBXBuildFile; fileRef = 221F641E254A618300BA8AF2 /* LaunchScreen.storyboard */; };
		221F642B254A618400BA8AF2 /* Daily_BitesTests.swift in Sources */ = {isa = PBXBuildFile; fileRef = 221F642A254A618400BA8AF2 /* Daily_BitesTests.swift */; };
		221F6436254A618400BA8AF2 /* Daily_BitesUITests.swift in Sources */ = {isa = PBXBuildFile; fileRef = 221F6435254A618400BA8AF2 /* Daily_BitesUITests.swift */; };
		221F6444254BE77000BA8AF2 /* DashboardView.swift in Sources */ = {isa = PBXBuildFile; fileRef = 221F6443254BE77000BA8AF2 /* DashboardView.swift */; };
		221F6446254BE78D00BA8AF2 /* ChatView.swift in Sources */ = {isa = PBXBuildFile; fileRef = 221F6445254BE78D00BA8AF2 /* ChatView.swift */; };
		221F6448254BE7D400BA8AF2 /* RecipesView.swift in Sources */ = {isa = PBXBuildFile; fileRef = 221F6447254BE7D400BA8AF2 /* RecipesView.swift */; };
		221F644A254BE83100BA8AF2 /* SettingsView.swift in Sources */ = {isa = PBXBuildFile; fileRef = 221F6449254BE83100BA8AF2 /* SettingsView.swift */; };
		222171B426029F0500865F1A /* NutPieChart.swift in Sources */ = {isa = PBXBuildFile; fileRef = 222171B326029F0500865F1A /* NutPieChart.swift */; };
		222171BD2623CBBE00865F1A /* SiestaUI in Frameworks */ = {isa = PBXBuildFile; productRef = 222171BC2623CBBE00865F1A /* SiestaUI */; };
		222171BF2623CBBE00865F1A /* Siesta in Frameworks */ = {isa = PBXBuildFile; productRef = 222171BE2623CBBE00865F1A /* Siesta */; };
		222171C12623CBBE00865F1A /* Siesta_Alamofire in Frameworks */ = {isa = PBXBuildFile; productRef = 222171C02623CBBE00865F1A /* Siesta_Alamofire */; };
		229CE60D2601166D00701030 /* DataItem.swift in Sources */ = {isa = PBXBuildFile; fileRef = 229CE60C2601166D00701030 /* DataItem.swift */; };
		229CE612260118FF00701030 /* SlideData.swift in Sources */ = {isa = PBXBuildFile; fileRef = 229CE611260118FF00701030 /* SlideData.swift */; };
		229CE6172601195800701030 /* PieChartData.swift in Sources */ = {isa = PBXBuildFile; fileRef = 229CE6162601195800701030 /* PieChartData.swift */; };
		229CE61C26011FE200701030 /* PieChartSlide.swift in Sources */ = {isa = PBXBuildFile; fileRef = 229CE61B26011FE200701030 /* PieChartSlide.swift */; };
		229F63D3258730E1006398E2 /* LoginView.swift in Sources */ = {isa = PBXBuildFile; fileRef = 229F63D2258730E1006398E2 /* LoginView.swift */; };
		229F63D52589CAF3006398E2 /* LoginPageView.swift in Sources */ = {isa = PBXBuildFile; fileRef = 229F63D42589CAF3006398E2 /* LoginPageView.swift */; };
		229F63D72589D412006398E2 /* RegisterView.swift in Sources */ = {isa = PBXBuildFile; fileRef = 229F63D62589D412006398E2 /* RegisterView.swift */; };
		229F63DC258AA314006398E2 /* NutPrefView.swift in Sources */ = {isa = PBXBuildFile; fileRef = 229F63DB258AA314006398E2 /* NutPrefView.swift */; };
		22FB1F6B2563905A00F02730 /* RecipeDetails.swift in Sources */ = {isa = PBXBuildFile; fileRef = 22FB1F6A2563905A00F02730 /* RecipeDetails.swift */; };
		22FB1F6D2573784100F02730 /* DateRangeView.swift in Sources */ = {isa = PBXBuildFile; fileRef = 22FB1F6C2573784100F02730 /* DateRangeView.swift */; };
		22FB1F732576273D00F02730 /* BarcodeReaderViewController.swift in Sources */ = {isa = PBXBuildFile; fileRef = 22FB1F722576273D00F02730 /* BarcodeReaderViewController.swift */; };
		22FB1F79257AD10E00F02730 /* Cuisine.swift in Sources */ = {isa = PBXBuildFile; fileRef = 22FB1F78257AD10E00F02730 /* Cuisine.swift */; };
		22FB1F7B257AD14800F02730 /* CuisineChoice.swift in Sources */ = {isa = PBXBuildFile; fileRef = 22FB1F7A257AD14800F02730 /* CuisineChoice.swift */; };
		22FB1F7D257AD1A700F02730 /* MultiSelector.swift in Sources */ = {isa = PBXBuildFile; fileRef = 22FB1F7C257AD1A700F02730 /* MultiSelector.swift */; };
		22FB1F7F257AD1D700F02730 /* MultiSelectorView.swift in Sources */ = {isa = PBXBuildFile; fileRef = 22FB1F7E257AD1D700F02730 /* MultiSelectorView.swift */; };
		22FB1F83257AE63E00F02730 /* Diet.swift in Sources */ = {isa = PBXBuildFile; fileRef = 22FB1F82257AE63E00F02730 /* Diet.swift */; };
		22FB1F85257AE6B300F02730 /* DietChoice.swift in Sources */ = {isa = PBXBuildFile; fileRef = 22FB1F84257AE6B300F02730 /* DietChoice.swift */; };
		22FB1F8A257C57CD00F02730 /* DietaryResChoice.swift in Sources */ = {isa = PBXBuildFile; fileRef = 22FB1F89257C57CC00F02730 /* DietaryResChoice.swift */; };
		22FB1F8C257C583600F02730 /* Dietary.swift in Sources */ = {isa = PBXBuildFile; fileRef = 22FB1F8B257C583600F02730 /* Dietary.swift */; };
		22FB1F8F258425C500F02730 /* Goals.swift in Sources */ = {isa = PBXBuildFile; fileRef = 22FB1F8E258425C500F02730 /* Goals.swift */; };
		22FB1F912584261B00F02730 /* NutGoalChoice.swift in Sources */ = {isa = PBXBuildFile; fileRef = 22FB1F902584261B00F02730 /* NutGoalChoice.swift */; };
		4F47B4CE2624FE9600156B72 /* Messaging.swift in Sources */ = {isa = PBXBuildFile; fileRef = 4F47B4CD2624FE9600156B72 /* Messaging.swift */; };
		4F47B4D3262500A000156B72 /* MessageTail.swift in Sources */ = {isa = PBXBuildFile; fileRef = 4F47B4D2262500A000156B72 /* MessageTail.swift */; };
		4F47B4D8262501B600156B72 /* ChatCell.swift in Sources */ = {isa = PBXBuildFile; fileRef = 4F47B4D7262501B600156B72 /* ChatCell.swift */; };
		4F47B4DD2625035200156B72 /* ConversationView.swift in Sources */ = {isa = PBXBuildFile; fileRef = 4F47B4DC2625035200156B72 /* ConversationView.swift */; };
		4F7A59A32601E4AF0045BBE1 /* Recipes.swift in Sources */ = {isa = PBXBuildFile; fileRef = 4F7A59A22601E4AF0045BBE1 /* Recipes.swift */; };
		4F7A59B62601F2CE0045BBE1 /* RecipeRow.swift in Sources */ = {isa = PBXBuildFile; fileRef = 4F7A59B52601F2CE0045BBE1 /* RecipeRow.swift */; };
/* End PBXBuildFile section */

/* Begin PBXContainerItemProxy section */
		221F6427254A618400BA8AF2 /* PBXContainerItemProxy */ = {
			isa = PBXContainerItemProxy;
			containerPortal = 221F6408254A618000BA8AF2 /* Project object */;
			proxyType = 1;
			remoteGlobalIDString = 221F640F254A618000BA8AF2;
			remoteInfo = "Daily Bites";
		};
		221F6432254A618400BA8AF2 /* PBXContainerItemProxy */ = {
			isa = PBXContainerItemProxy;
			containerPortal = 221F6408254A618000BA8AF2 /* Project object */;
			proxyType = 1;
			remoteGlobalIDString = 221F640F254A618000BA8AF2;
			remoteInfo = "Daily Bites";
		};
/* End PBXContainerItemProxy section */

/* Begin PBXFileReference section */
		221F6410254A618000BA8AF2 /* Daily Bites.app */ = {isa = PBXFileReference; explicitFileType = wrapper.application; includeInIndex = 0; path = "Daily Bites.app"; sourceTree = BUILT_PRODUCTS_DIR; };
		221F6413254A618000BA8AF2 /* AppDelegate.swift */ = {isa = PBXFileReference; lastKnownFileType = sourcecode.swift; path = AppDelegate.swift; sourceTree = "<group>"; };
		221F6415254A618000BA8AF2 /* SceneDelegate.swift */ = {isa = PBXFileReference; lastKnownFileType = sourcecode.swift; path = SceneDelegate.swift; sourceTree = "<group>"; };
		221F6417254A618000BA8AF2 /* ContentView.swift */ = {isa = PBXFileReference; lastKnownFileType = sourcecode.swift; path = ContentView.swift; sourceTree = "<group>"; };
		221F6419254A618300BA8AF2 /* Assets.xcassets */ = {isa = PBXFileReference; lastKnownFileType = folder.assetcatalog; path = Assets.xcassets; sourceTree = "<group>"; };
		221F641C254A618300BA8AF2 /* Preview Assets.xcassets */ = {isa = PBXFileReference; lastKnownFileType = folder.assetcatalog; path = "Preview Assets.xcassets"; sourceTree = "<group>"; };
		221F641F254A618300BA8AF2 /* Base */ = {isa = PBXFileReference; lastKnownFileType = file.storyboard; name = Base; path = Base.lproj/LaunchScreen.storyboard; sourceTree = "<group>"; };
		221F6421254A618300BA8AF2 /* Info.plist */ = {isa = PBXFileReference; lastKnownFileType = text.plist.xml; path = Info.plist; sourceTree = "<group>"; };
		221F6426254A618400BA8AF2 /* Daily BitesTests.xctest */ = {isa = PBXFileReference; explicitFileType = wrapper.cfbundle; includeInIndex = 0; path = "Daily BitesTests.xctest"; sourceTree = BUILT_PRODUCTS_DIR; };
		221F642A254A618400BA8AF2 /* Daily_BitesTests.swift */ = {isa = PBXFileReference; lastKnownFileType = sourcecode.swift; path = Daily_BitesTests.swift; sourceTree = "<group>"; };
		221F642C254A618400BA8AF2 /* Info.plist */ = {isa = PBXFileReference; lastKnownFileType = text.plist.xml; path = Info.plist; sourceTree = "<group>"; };
		221F6431254A618400BA8AF2 /* Daily BitesUITests.xctest */ = {isa = PBXFileReference; explicitFileType = wrapper.cfbundle; includeInIndex = 0; path = "Daily BitesUITests.xctest"; sourceTree = BUILT_PRODUCTS_DIR; };
		221F6435254A618400BA8AF2 /* Daily_BitesUITests.swift */ = {isa = PBXFileReference; lastKnownFileType = sourcecode.swift; path = Daily_BitesUITests.swift; sourceTree = "<group>"; };
		221F6437254A618400BA8AF2 /* Info.plist */ = {isa = PBXFileReference; lastKnownFileType = text.plist.xml; path = Info.plist; sourceTree = "<group>"; };
		221F6443254BE77000BA8AF2 /* DashboardView.swift */ = {isa = PBXFileReference; lastKnownFileType = sourcecode.swift; path = DashboardView.swift; sourceTree = "<group>"; };
		221F6445254BE78D00BA8AF2 /* ChatView.swift */ = {isa = PBXFileReference; lastKnownFileType = sourcecode.swift; path = ChatView.swift; sourceTree = "<group>"; };
		221F6447254BE7D400BA8AF2 /* RecipesView.swift */ = {isa = PBXFileReference; lastKnownFileType = sourcecode.swift; path = RecipesView.swift; sourceTree = "<group>"; };
		221F6449254BE83100BA8AF2 /* SettingsView.swift */ = {isa = PBXFileReference; lastKnownFileType = sourcecode.swift; path = SettingsView.swift; sourceTree = "<group>"; };
		222171B326029F0500865F1A /* NutPieChart.swift */ = {isa = PBXFileReference; lastKnownFileType = sourcecode.swift; path = NutPieChart.swift; sourceTree = "<group>"; };
		229CE60C2601166D00701030 /* DataItem.swift */ = {isa = PBXFileReference; lastKnownFileType = sourcecode.swift; path = DataItem.swift; sourceTree = "<group>"; };
		229CE611260118FF00701030 /* SlideData.swift */ = {isa = PBXFileReference; lastKnownFileType = sourcecode.swift; path = SlideData.swift; sourceTree = "<group>"; };
		229CE6162601195800701030 /* PieChartData.swift */ = {isa = PBXFileReference; lastKnownFileType = sourcecode.swift; path = PieChartData.swift; sourceTree = "<group>"; };
		229CE61B26011FE200701030 /* PieChartSlide.swift */ = {isa = PBXFileReference; lastKnownFileType = sourcecode.swift; path = PieChartSlide.swift; sourceTree = "<group>"; };
		229F63D2258730E1006398E2 /* LoginView.swift */ = {isa = PBXFileReference; lastKnownFileType = sourcecode.swift; path = LoginView.swift; sourceTree = "<group>"; };
		229F63D42589CAF3006398E2 /* LoginPageView.swift */ = {isa = PBXFileReference; lastKnownFileType = sourcecode.swift; path = LoginPageView.swift; sourceTree = "<group>"; };
		229F63D62589D412006398E2 /* RegisterView.swift */ = {isa = PBXFileReference; lastKnownFileType = sourcecode.swift; path = RegisterView.swift; sourceTree = "<group>"; };
		229F63DB258AA314006398E2 /* NutPrefView.swift */ = {isa = PBXFileReference; lastKnownFileType = sourcecode.swift; path = NutPrefView.swift; sourceTree = "<group>"; };
		22FB1F6A2563905A00F02730 /* RecipeDetails.swift */ = {isa = PBXFileReference; lastKnownFileType = sourcecode.swift; path = RecipeDetails.swift; sourceTree = "<group>"; };
		22FB1F6C2573784100F02730 /* DateRangeView.swift */ = {isa = PBXFileReference; lastKnownFileType = sourcecode.swift; path = DateRangeView.swift; sourceTree = "<group>"; };
		22FB1F722576273D00F02730 /* BarcodeReaderViewController.swift */ = {isa = PBXFileReference; lastKnownFileType = sourcecode.swift; path = BarcodeReaderViewController.swift; sourceTree = "<group>"; };
		22FB1F78257AD10E00F02730 /* Cuisine.swift */ = {isa = PBXFileReference; lastKnownFileType = sourcecode.swift; path = Cuisine.swift; sourceTree = "<group>"; };
		22FB1F7A257AD14800F02730 /* CuisineChoice.swift */ = {isa = PBXFileReference; lastKnownFileType = sourcecode.swift; path = CuisineChoice.swift; sourceTree = "<group>"; };
		22FB1F7C257AD1A700F02730 /* MultiSelector.swift */ = {isa = PBXFileReference; lastKnownFileType = sourcecode.swift; path = MultiSelector.swift; sourceTree = "<group>"; };
		22FB1F7E257AD1D700F02730 /* MultiSelectorView.swift */ = {isa = PBXFileReference; lastKnownFileType = sourcecode.swift; path = MultiSelectorView.swift; sourceTree = "<group>"; };
		22FB1F82257AE63E00F02730 /* Diet.swift */ = {isa = PBXFileReference; lastKnownFileType = sourcecode.swift; path = Diet.swift; sourceTree = "<group>"; };
		22FB1F84257AE6B300F02730 /* DietChoice.swift */ = {isa = PBXFileReference; lastKnownFileType = sourcecode.swift; path = DietChoice.swift; sourceTree = "<group>"; };
		22FB1F89257C57CC00F02730 /* DietaryResChoice.swift */ = {isa = PBXFileReference; lastKnownFileType = sourcecode.swift; path = DietaryResChoice.swift; sourceTree = "<group>"; };
		22FB1F8B257C583600F02730 /* Dietary.swift */ = {isa = PBXFileReference; lastKnownFileType = sourcecode.swift; path = Dietary.swift; sourceTree = "<group>"; };
		22FB1F8E258425C500F02730 /* Goals.swift */ = {isa = PBXFileReference; lastKnownFileType = sourcecode.swift; path = Goals.swift; sourceTree = "<group>"; };
		22FB1F902584261B00F02730 /* NutGoalChoice.swift */ = {isa = PBXFileReference; lastKnownFileType = sourcecode.swift; path = NutGoalChoice.swift; sourceTree = "<group>"; };
		4F47B4CD2624FE9600156B72 /* Messaging.swift */ = {isa = PBXFileReference; lastKnownFileType = sourcecode.swift; path = Messaging.swift; sourceTree = "<group>"; };
		4F47B4D2262500A000156B72 /* MessageTail.swift */ = {isa = PBXFileReference; lastKnownFileType = sourcecode.swift; path = MessageTail.swift; sourceTree = "<group>"; };
		4F47B4D7262501B600156B72 /* ChatCell.swift */ = {isa = PBXFileReference; lastKnownFileType = sourcecode.swift; path = ChatCell.swift; sourceTree = "<group>"; };
		4F47B4DC2625035200156B72 /* ConversationView.swift */ = {isa = PBXFileReference; lastKnownFileType = sourcecode.swift; path = ConversationView.swift; sourceTree = "<group>"; };
		4F7A59A22601E4AF0045BBE1 /* Recipes.swift */ = {isa = PBXFileReference; lastKnownFileType = sourcecode.swift; path = Recipes.swift; sourceTree = "<group>"; };
		4F7A59B52601F2CE0045BBE1 /* RecipeRow.swift */ = {isa = PBXFileReference; lastKnownFileType = sourcecode.swift; path = RecipeRow.swift; sourceTree = "<group>"; };
/* End PBXFileReference section */

/* Begin PBXFrameworksBuildPhase section */
		221F640D254A618000BA8AF2 /* Frameworks */ = {
			isa = PBXFrameworksBuildPhase;
			buildActionMask = 2147483647;
			files = (
				222171BD2623CBBE00865F1A /* SiestaUI in Frameworks */,
				222171C12623CBBE00865F1A /* Siesta_Alamofire in Frameworks */,
				222171BF2623CBBE00865F1A /* Siesta in Frameworks */,
			);
			runOnlyForDeploymentPostprocessing = 0;
		};
		221F6423254A618400BA8AF2 /* Frameworks */ = {
			isa = PBXFrameworksBuildPhase;
			buildActionMask = 2147483647;
			files = (
			);
			runOnlyForDeploymentPostprocessing = 0;
		};
		221F642E254A618400BA8AF2 /* Frameworks */ = {
			isa = PBXFrameworksBuildPhase;
			buildActionMask = 2147483647;
			files = (
			);
			runOnlyForDeploymentPostprocessing = 0;
		};
/* End PBXFrameworksBuildPhase section */

/* Begin PBXGroup section */
		221F6407254A618000BA8AF2 = {
			isa = PBXGroup;
			children = (
				221F6412254A618000BA8AF2 /* Daily Bites */,
				221F6429254A618400BA8AF2 /* Daily BitesTests */,
				221F6434254A618400BA8AF2 /* Daily BitesUITests */,
				221F6411254A618000BA8AF2 /* Products */,
			);
			sourceTree = "<group>";
		};
		221F6411254A618000BA8AF2 /* Products */ = {
			isa = PBXGroup;
			children = (
				221F6410254A618000BA8AF2 /* Daily Bites.app */,
				221F6426254A618400BA8AF2 /* Daily BitesTests.xctest */,
				221F6431254A618400BA8AF2 /* Daily BitesUITests.xctest */,
			);
			name = Products;
			sourceTree = "<group>";
		};
		221F6412254A618000BA8AF2 /* Daily Bites */ = {
			isa = PBXGroup;
			children = (
				221F6413254A618000BA8AF2 /* AppDelegate.swift */,
				221F6415254A618000BA8AF2 /* SceneDelegate.swift */,
				221F6417254A618000BA8AF2 /* ContentView.swift */,
				22FB1F6F25761E7D00F02730 /* Chatbot */,
				22FB1F88257C57A100F02730 /* Dietary Restriction Models */,
				229F63D12586F740006398E2 /* Login */,
				22FB1F6E25761E5500F02730 /* Dashboard */,
				22FB1F7025761EBC00F02730 /* RecipeRecommender */,
				22FB1F7125761EDF00F02730 /* Settings */,
				221F6419254A618300BA8AF2 /* Assets.xcassets */,
				221F641E254A618300BA8AF2 /* LaunchScreen.storyboard */,
				221F6421254A618300BA8AF2 /* Info.plist */,
				221F641B254A618300BA8AF2 /* Preview Content */,
			);
			path = "Daily Bites";
			sourceTree = "<group>";
		};
		221F641B254A618300BA8AF2 /* Preview Content */ = {
			isa = PBXGroup;
			children = (
				221F641C254A618300BA8AF2 /* Preview Assets.xcassets */,
			);
			path = "Preview Content";
			sourceTree = "<group>";
		};
		221F6429254A618400BA8AF2 /* Daily BitesTests */ = {
			isa = PBXGroup;
			children = (
				221F642A254A618400BA8AF2 /* Daily_BitesTests.swift */,
				221F642C254A618400BA8AF2 /* Info.plist */,
			);
			path = "Daily BitesTests";
			sourceTree = "<group>";
		};
		221F6434254A618400BA8AF2 /* Daily BitesUITests */ = {
			isa = PBXGroup;
			children = (
				221F6435254A618400BA8AF2 /* Daily_BitesUITests.swift */,
				221F6437254A618400BA8AF2 /* Info.plist */,
			);
			path = "Daily BitesUITests";
			sourceTree = "<group>";
		};
		229F63D12586F740006398E2 /* Login */ = {
			isa = PBXGroup;
			children = (
				229F63D2258730E1006398E2 /* LoginView.swift */,
				229F63D42589CAF3006398E2 /* LoginPageView.swift */,
				229F63D62589D412006398E2 /* RegisterView.swift */,
			);
			path = Login;
			sourceTree = "<group>";
		};
		229F63D92589D6B8006398E2 /* Multiselector */ = {
			isa = PBXGroup;
			children = (
				22FB1F7C257AD1A700F02730 /* MultiSelector.swift */,
				22FB1F7E257AD1D700F02730 /* MultiSelectorView.swift */,
			);
			path = Multiselector;
			sourceTree = "<group>";
		};
		229F63DA2589D6CD006398E2 /* Models */ = {
			isa = PBXGroup;
			children = (
				22FB1F81257AD42400F02730 /* Cuisine Models */,
				22FB1F87257AE7C200F02730 /* Diet Models */,
				22FB1F8D258425A700F02730 /* Nutrition Goals Models */,
			);
			path = Models;
			sourceTree = "<group>";
		};
		22FB1F6E25761E5500F02730 /* Dashboard */ = {
			isa = PBXGroup;
			children = (
				221F6443254BE77000BA8AF2 /* DashboardView.swift */,
				22FB1F6C2573784100F02730 /* DateRangeView.swift */,
				229CE60C2601166D00701030 /* DataItem.swift */,
				229CE611260118FF00701030 /* SlideData.swift */,
				229CE6162601195800701030 /* PieChartData.swift */,
				229CE61B26011FE200701030 /* PieChartSlide.swift */,
				222171B326029F0500865F1A /* NutPieChart.swift */,
			);
			path = Dashboard;
			sourceTree = "<group>";
		};
		22FB1F6F25761E7D00F02730 /* Chatbot */ = {
			isa = PBXGroup;
			children = (
				221F6445254BE78D00BA8AF2 /* ChatView.swift */,
				22FB1F722576273D00F02730 /* BarcodeReaderViewController.swift */,
				4F47B4CD2624FE9600156B72 /* Messaging.swift */,
				4F47B4D2262500A000156B72 /* MessageTail.swift */,
				4F47B4D7262501B600156B72 /* ChatCell.swift */,
				4F47B4DC2625035200156B72 /* ConversationView.swift */,
			);
			path = Chatbot;
			sourceTree = "<group>";
		};
		22FB1F7025761EBC00F02730 /* RecipeRecommender */ = {
			isa = PBXGroup;
			children = (
				221F6447254BE7D400BA8AF2 /* RecipesView.swift */,
				22FB1F6A2563905A00F02730 /* RecipeDetails.swift */,
				4F7A59A22601E4AF0045BBE1 /* Recipes.swift */,
				4F7A59B52601F2CE0045BBE1 /* RecipeRow.swift */,
			);
			path = RecipeRecommender;
			sourceTree = "<group>";
		};
		22FB1F7125761EDF00F02730 /* Settings */ = {
			isa = PBXGroup;
			children = (
				221F6449254BE83100BA8AF2 /* SettingsView.swift */,
				229F63DB258AA314006398E2 /* NutPrefView.swift */,
				229F63DA2589D6CD006398E2 /* Models */,
				229F63D92589D6B8006398E2 /* Multiselector */,
			);
			path = Settings;
			sourceTree = "<group>";
		};
		22FB1F81257AD42400F02730 /* Cuisine Models */ = {
			isa = PBXGroup;
			children = (
				22FB1F78257AD10E00F02730 /* Cuisine.swift */,
				22FB1F7A257AD14800F02730 /* CuisineChoice.swift */,
			);
			path = "Cuisine Models";
			sourceTree = "<group>";
		};
		22FB1F87257AE7C200F02730 /* Diet Models */ = {
			isa = PBXGroup;
			children = (
				22FB1F82257AE63E00F02730 /* Diet.swift */,
				22FB1F84257AE6B300F02730 /* DietChoice.swift */,
			);
			path = "Diet Models";
			sourceTree = "<group>";
		};
		22FB1F88257C57A100F02730 /* Dietary Restriction Models */ = {
			isa = PBXGroup;
			children = (
				22FB1F8B257C583600F02730 /* Dietary.swift */,
				22FB1F89257C57CC00F02730 /* DietaryResChoice.swift */,
			);
			path = "Dietary Restriction Models";
			sourceTree = "<group>";
		};
		22FB1F8D258425A700F02730 /* Nutrition Goals Models */ = {
			isa = PBXGroup;
			children = (
				22FB1F8E258425C500F02730 /* Goals.swift */,
				22FB1F902584261B00F02730 /* NutGoalChoice.swift */,
			);
			path = "Nutrition Goals Models";
			sourceTree = "<group>";
		};
/* End PBXGroup section */

/* Begin PBXNativeTarget section */
		221F640F254A618000BA8AF2 /* Daily Bites */ = {
			isa = PBXNativeTarget;
			buildConfigurationList = 221F643A254A618400BA8AF2 /* Build configuration list for PBXNativeTarget "Daily Bites" */;
			buildPhases = (
				221F640C254A618000BA8AF2 /* Sources */,
				221F640D254A618000BA8AF2 /* Frameworks */,
				221F640E254A618000BA8AF2 /* Resources */,
			);
			buildRules = (
			);
			dependencies = (
			);
			name = "Daily Bites";
			packageProductDependencies = (
				222171BC2623CBBE00865F1A /* SiestaUI */,
				222171BE2623CBBE00865F1A /* Siesta */,
				222171C02623CBBE00865F1A /* Siesta_Alamofire */,
			);
			productName = "Daily Bites";
			productReference = 221F6410254A618000BA8AF2 /* Daily Bites.app */;
			productType = "com.apple.product-type.application";
		};
		221F6425254A618400BA8AF2 /* Daily BitesTests */ = {
			isa = PBXNativeTarget;
			buildConfigurationList = 221F643D254A618400BA8AF2 /* Build configuration list for PBXNativeTarget "Daily BitesTests" */;
			buildPhases = (
				221F6422254A618400BA8AF2 /* Sources */,
				221F6423254A618400BA8AF2 /* Frameworks */,
				221F6424254A618400BA8AF2 /* Resources */,
			);
			buildRules = (
			);
			dependencies = (
				221F6428254A618400BA8AF2 /* PBXTargetDependency */,
			);
			name = "Daily BitesTests";
			productName = "Daily BitesTests";
			productReference = 221F6426254A618400BA8AF2 /* Daily BitesTests.xctest */;
			productType = "com.apple.product-type.bundle.unit-test";
		};
		221F6430254A618400BA8AF2 /* Daily BitesUITests */ = {
			isa = PBXNativeTarget;
			buildConfigurationList = 221F6440254A618400BA8AF2 /* Build configuration list for PBXNativeTarget "Daily BitesUITests" */;
			buildPhases = (
				221F642D254A618400BA8AF2 /* Sources */,
				221F642E254A618400BA8AF2 /* Frameworks */,
				221F642F254A618400BA8AF2 /* Resources */,
			);
			buildRules = (
			);
			dependencies = (
				221F6433254A618400BA8AF2 /* PBXTargetDependency */,
			);
			name = "Daily BitesUITests";
			productName = "Daily BitesUITests";
			productReference = 221F6431254A618400BA8AF2 /* Daily BitesUITests.xctest */;
			productType = "com.apple.product-type.bundle.ui-testing";
		};
/* End PBXNativeTarget section */

/* Begin PBXProject section */
		221F6408254A618000BA8AF2 /* Project object */ = {
			isa = PBXProject;
			attributes = {
				LastSwiftUpdateCheck = 1100;
				LastUpgradeCheck = 1100;
				ORGANIZATIONNAME = "Lexi Weingardt";
				TargetAttributes = {
					221F640F254A618000BA8AF2 = {
						CreatedOnToolsVersion = 11.0;
					};
					221F6425254A618400BA8AF2 = {
						CreatedOnToolsVersion = 11.0;
						TestTargetID = 221F640F254A618000BA8AF2;
					};
					221F6430254A618400BA8AF2 = {
						CreatedOnToolsVersion = 11.0;
						TestTargetID = 221F640F254A618000BA8AF2;
					};
				};
			};
			buildConfigurationList = 221F640B254A618000BA8AF2 /* Build configuration list for PBXProject "Daily Bites" */;
			compatibilityVersion = "Xcode 9.3";
			developmentRegion = en;
			hasScannedForEncodings = 0;
			knownRegions = (
				en,
				Base,
			);
			mainGroup = 221F6407254A618000BA8AF2;
			packageReferences = (
				222171BB2623CBBE00865F1A /* XCRemoteSwiftPackageReference "siesta" */,
			);
			productRefGroup = 221F6411254A618000BA8AF2 /* Products */;
			projectDirPath = "";
			projectRoot = "";
			targets = (
				221F640F254A618000BA8AF2 /* Daily Bites */,
				221F6425254A618400BA8AF2 /* Daily BitesTests */,
				221F6430254A618400BA8AF2 /* Daily BitesUITests */,
			);
		};
/* End PBXProject section */

/* Begin PBXResourcesBuildPhase section */
		221F640E254A618000BA8AF2 /* Resources */ = {
			isa = PBXResourcesBuildPhase;
			buildActionMask = 2147483647;
			files = (
				221F6420254A618300BA8AF2 /* LaunchScreen.storyboard in Resources */,
				221F641D254A618300BA8AF2 /* Preview Assets.xcassets in Resources */,
				221F641A254A618300BA8AF2 /* Assets.xcassets in Resources */,
			);
			runOnlyForDeploymentPostprocessing = 0;
		};
		221F6424254A618400BA8AF2 /* Resources */ = {
			isa = PBXResourcesBuildPhase;
			buildActionMask = 2147483647;
			files = (
			);
			runOnlyForDeploymentPostprocessing = 0;
		};
		221F642F254A618400BA8AF2 /* Resources */ = {
			isa = PBXResourcesBuildPhase;
			buildActionMask = 2147483647;
			files = (
			);
			runOnlyForDeploymentPostprocessing = 0;
		};
/* End PBXResourcesBuildPhase section */

/* Begin PBXSourcesBuildPhase section */
		221F640C254A618000BA8AF2 /* Sources */ = {
			isa = PBXSourcesBuildPhase;
			buildActionMask = 2147483647;
			files = (
				22FB1F8A257C57CD00F02730 /* DietaryResChoice.swift in Sources */,
				22FB1F8F258425C500F02730 /* Goals.swift in Sources */,
				221F644A254BE83100BA8AF2 /* SettingsView.swift in Sources */,
				4F47B4D8262501B600156B72 /* ChatCell.swift in Sources */,
				221F6414254A618000BA8AF2 /* AppDelegate.swift in Sources */,
				22FB1F8C257C583600F02730 /* Dietary.swift in Sources */,
				22FB1F7B257AD14800F02730 /* CuisineChoice.swift in Sources */,
				221F6444254BE77000BA8AF2 /* DashboardView.swift in Sources */,
				4F47B4D3262500A000156B72 /* MessageTail.swift in Sources */,
				222171B426029F0500865F1A /* NutPieChart.swift in Sources */,
				4F47B4CE2624FE9600156B72 /* Messaging.swift in Sources */,
				221F6446254BE78D00BA8AF2 /* ChatView.swift in Sources */,
				22FB1F7D257AD1A700F02730 /* MultiSelector.swift in Sources */,
				229CE6172601195800701030 /* PieChartData.swift in Sources */,
				4F47B4DD2625035200156B72 /* ConversationView.swift in Sources */,
				229CE612260118FF00701030 /* SlideData.swift in Sources */,
				229F63D72589D412006398E2 /* RegisterView.swift in Sources */,
				4F7A59A32601E4AF0045BBE1 /* Recipes.swift in Sources */,
				22FB1F83257AE63E00F02730 /* Diet.swift in Sources */,
				221F6416254A618000BA8AF2 /* SceneDelegate.swift in Sources */,
				22FB1F912584261B00F02730 /* NutGoalChoice.swift in Sources */,
				22FB1F732576273D00F02730 /* BarcodeReaderViewController.swift in Sources */,
				22FB1F7F257AD1D700F02730 /* MultiSelectorView.swift in Sources */,
				229F63DC258AA314006398E2 /* NutPrefView.swift in Sources */,
				22FB1F6B2563905A00F02730 /* RecipeDetails.swift in Sources */,
				229CE61C26011FE200701030 /* PieChartSlide.swift in Sources */,
				229F63D3258730E1006398E2 /* LoginView.swift in Sources */,
				229CE60D2601166D00701030 /* DataItem.swift in Sources */,
				221F6448254BE7D400BA8AF2 /* RecipesView.swift in Sources */,
				22FB1F85257AE6B300F02730 /* DietChoice.swift in Sources */,
				22FB1F79257AD10E00F02730 /* Cuisine.swift in Sources */,
				229F63D52589CAF3006398E2 /* LoginPageView.swift in Sources */,
				22FB1F6D2573784100F02730 /* DateRangeView.swift in Sources */,
				4F7A59B62601F2CE0045BBE1 /* RecipeRow.swift in Sources */,
				221F6418254A618000BA8AF2 /* ContentView.swift in Sources */,
			);
			runOnlyForDeploymentPostprocessing = 0;
		};
		221F6422254A618400BA8AF2 /* Sources */ = {
			isa = PBXSourcesBuildPhase;
			buildActionMask = 2147483647;
			files = (
				221F642B254A618400BA8AF2 /* Daily_BitesTests.swift in Sources */,
			);
			runOnlyForDeploymentPostprocessing = 0;
		};
		221F642D254A618400BA8AF2 /* Sources */ = {
			isa = PBXSourcesBuildPhase;
			buildActionMask = 2147483647;
			files = (
				221F6436254A618400BA8AF2 /* Daily_BitesUITests.swift in Sources */,
			);
			runOnlyForDeploymentPostprocessing = 0;
		};
/* End PBXSourcesBuildPhase section */

/* Begin PBXTargetDependency section */
		221F6428254A618400BA8AF2 /* PBXTargetDependency */ = {
			isa = PBXTargetDependency;
			target = 221F640F254A618000BA8AF2 /* Daily Bites */;
			targetProxy = 221F6427254A618400BA8AF2 /* PBXContainerItemProxy */;
		};
		221F6433254A618400BA8AF2 /* PBXTargetDependency */ = {
			isa = PBXTargetDependency;
			target = 221F640F254A618000BA8AF2 /* Daily Bites */;
			targetProxy = 221F6432254A618400BA8AF2 /* PBXContainerItemProxy */;
		};
/* End PBXTargetDependency section */

/* Begin PBXVariantGroup section */
		221F641E254A618300BA8AF2 /* LaunchScreen.storyboard */ = {
			isa = PBXVariantGroup;
			children = (
				221F641F254A618300BA8AF2 /* Base */,
			);
			name = LaunchScreen.storyboard;
			sourceTree = "<group>";
		};
/* End PBXVariantGroup section */

/* Begin XCBuildConfiguration section */
		221F6438254A618400BA8AF2 /* Debug */ = {
			isa = XCBuildConfiguration;
			buildSettings = {
				ALWAYS_SEARCH_USER_PATHS = NO;
				CLANG_ANALYZER_NONNULL = YES;
				CLANG_ANALYZER_NUMBER_OBJECT_CONVERSION = YES_AGGRESSIVE;
				CLANG_CXX_LANGUAGE_STANDARD = "gnu++14";
				CLANG_CXX_LIBRARY = "libc++";
				CLANG_ENABLE_MODULES = YES;
				CLANG_ENABLE_OBJC_ARC = YES;
				CLANG_ENABLE_OBJC_WEAK = YES;
				CLANG_WARN_BLOCK_CAPTURE_AUTORELEASING = YES;
				CLANG_WARN_BOOL_CONVERSION = YES;
				CLANG_WARN_COMMA = YES;
				CLANG_WARN_CONSTANT_CONVERSION = YES;
				CLANG_WARN_DEPRECATED_OBJC_IMPLEMENTATIONS = YES;
				CLANG_WARN_DIRECT_OBJC_ISA_USAGE = YES_ERROR;
				CLANG_WARN_DOCUMENTATION_COMMENTS = YES;
				CLANG_WARN_EMPTY_BODY = YES;
				CLANG_WARN_ENUM_CONVERSION = YES;
				CLANG_WARN_INFINITE_RECURSION = YES;
				CLANG_WARN_INT_CONVERSION = YES;
				CLANG_WARN_NON_LITERAL_NULL_CONVERSION = YES;
				CLANG_WARN_OBJC_IMPLICIT_RETAIN_SELF = YES;
				CLANG_WARN_OBJC_LITERAL_CONVERSION = YES;
				CLANG_WARN_OBJC_ROOT_CLASS = YES_ERROR;
				CLANG_WARN_RANGE_LOOP_ANALYSIS = YES;
				CLANG_WARN_STRICT_PROTOTYPES = YES;
				CLANG_WARN_SUSPICIOUS_MOVE = YES;
				CLANG_WARN_UNGUARDED_AVAILABILITY = YES_AGGRESSIVE;
				CLANG_WARN_UNREACHABLE_CODE = YES;
				CLANG_WARN__DUPLICATE_METHOD_MATCH = YES;
				COPY_PHASE_STRIP = NO;
				DEBUG_INFORMATION_FORMAT = dwarf;
				ENABLE_STRICT_OBJC_MSGSEND = YES;
				ENABLE_TESTABILITY = YES;
				GCC_C_LANGUAGE_STANDARD = gnu11;
				GCC_DYNAMIC_NO_PIC = NO;
				GCC_NO_COMMON_BLOCKS = YES;
				GCC_OPTIMIZATION_LEVEL = 0;
				GCC_PREPROCESSOR_DEFINITIONS = (
					"DEBUG=1",
					"$(inherited)",
				);
				GCC_WARN_64_TO_32_BIT_CONVERSION = YES;
				GCC_WARN_ABOUT_RETURN_TYPE = YES_ERROR;
				GCC_WARN_UNDECLARED_SELECTOR = YES;
				GCC_WARN_UNINITIALIZED_AUTOS = YES_AGGRESSIVE;
				GCC_WARN_UNUSED_FUNCTION = YES;
				GCC_WARN_UNUSED_VARIABLE = YES;
				IPHONEOS_DEPLOYMENT_TARGET = 13.0;
				MTL_ENABLE_DEBUG_INFO = INCLUDE_SOURCE;
				MTL_FAST_MATH = YES;
				ONLY_ACTIVE_ARCH = YES;
				SDKROOT = iphoneos;
				SWIFT_ACTIVE_COMPILATION_CONDITIONS = DEBUG;
				SWIFT_OPTIMIZATION_LEVEL = "-Onone";
			};
			name = Debug;
		};
		221F6439254A618400BA8AF2 /* Release */ = {
			isa = XCBuildConfiguration;
			buildSettings = {
				ALWAYS_SEARCH_USER_PATHS = NO;
				CLANG_ANALYZER_NONNULL = YES;
				CLANG_ANALYZER_NUMBER_OBJECT_CONVERSION = YES_AGGRESSIVE;
				CLANG_CXX_LANGUAGE_STANDARD = "gnu++14";
				CLANG_CXX_LIBRARY = "libc++";
				CLANG_ENABLE_MODULES = YES;
				CLANG_ENABLE_OBJC_ARC = YES;
				CLANG_ENABLE_OBJC_WEAK = YES;
				CLANG_WARN_BLOCK_CAPTURE_AUTORELEASING = YES;
				CLANG_WARN_BOOL_CONVERSION = YES;
				CLANG_WARN_COMMA = YES;
				CLANG_WARN_CONSTANT_CONVERSION = YES;
				CLANG_WARN_DEPRECATED_OBJC_IMPLEMENTATIONS = YES;
				CLANG_WARN_DIRECT_OBJC_ISA_USAGE = YES_ERROR;
				CLANG_WARN_DOCUMENTATION_COMMENTS = YES;
				CLANG_WARN_EMPTY_BODY = YES;
				CLANG_WARN_ENUM_CONVERSION = YES;
				CLANG_WARN_INFINITE_RECURSION = YES;
				CLANG_WARN_INT_CONVERSION = YES;
				CLANG_WARN_NON_LITERAL_NULL_CONVERSION = YES;
				CLANG_WARN_OBJC_IMPLICIT_RETAIN_SELF = YES;
				CLANG_WARN_OBJC_LITERAL_CONVERSION = YES;
				CLANG_WARN_OBJC_ROOT_CLASS = YES_ERROR;
				CLANG_WARN_RANGE_LOOP_ANALYSIS = YES;
				CLANG_WARN_STRICT_PROTOTYPES = YES;
				CLANG_WARN_SUSPICIOUS_MOVE = YES;
				CLANG_WARN_UNGUARDED_AVAILABILITY = YES_AGGRESSIVE;
				CLANG_WARN_UNREACHABLE_CODE = YES;
				CLANG_WARN__DUPLICATE_METHOD_MATCH = YES;
				COPY_PHASE_STRIP = NO;
				DEBUG_INFORMATION_FORMAT = "dwarf-with-dsym";
				ENABLE_NS_ASSERTIONS = NO;
				ENABLE_STRICT_OBJC_MSGSEND = YES;
				GCC_C_LANGUAGE_STANDARD = gnu11;
				GCC_NO_COMMON_BLOCKS = YES;
				GCC_WARN_64_TO_32_BIT_CONVERSION = YES;
				GCC_WARN_ABOUT_RETURN_TYPE = YES_ERROR;
				GCC_WARN_UNDECLARED_SELECTOR = YES;
				GCC_WARN_UNINITIALIZED_AUTOS = YES_AGGRESSIVE;
				GCC_WARN_UNUSED_FUNCTION = YES;
				GCC_WARN_UNUSED_VARIABLE = YES;
				IPHONEOS_DEPLOYMENT_TARGET = 13.0;
				MTL_ENABLE_DEBUG_INFO = NO;
				MTL_FAST_MATH = YES;
				SDKROOT = iphoneos;
				SWIFT_COMPILATION_MODE = wholemodule;
				SWIFT_OPTIMIZATION_LEVEL = "-O";
				VALIDATE_PRODUCT = YES;
			};
			name = Release;
		};
		221F643B254A618400BA8AF2 /* Debug */ = {
			isa = XCBuildConfiguration;
			buildSettings = {
				ASSETCATALOG_COMPILER_APPICON_NAME = AppIcon;
				CODE_SIGN_STYLE = Automatic;
				DEVELOPMENT_ASSET_PATHS = "\"Daily Bites/Preview Content\"";
				DEVELOPMENT_TEAM = 8LWLHPB3V7;
				ENABLE_PREVIEWS = YES;
				INFOPLIST_FILE = "Daily Bites/Info.plist";
				LD_RUNPATH_SEARCH_PATHS = (
					"$(inherited)",
					"@executable_path/Frameworks",
				);
				PRODUCT_BUNDLE_IDENTIFIER = "lexiw.Daily-Bites";
				PRODUCT_NAME = "$(TARGET_NAME)";
				SWIFT_VERSION = 5.0;
				TARGETED_DEVICE_FAMILY = "1,2";
			};
			name = Debug;
		};
		221F643C254A618400BA8AF2 /* Release */ = {
			isa = XCBuildConfiguration;
			buildSettings = {
				ASSETCATALOG_COMPILER_APPICON_NAME = AppIcon;
				CODE_SIGN_STYLE = Automatic;
				DEVELOPMENT_ASSET_PATHS = "\"Daily Bites/Preview Content\"";
				DEVELOPMENT_TEAM = 8LWLHPB3V7;
				ENABLE_PREVIEWS = YES;
				INFOPLIST_FILE = "Daily Bites/Info.plist";
				LD_RUNPATH_SEARCH_PATHS = (
					"$(inherited)",
					"@executable_path/Frameworks",
				);
				PRODUCT_BUNDLE_IDENTIFIER = "lexiw.Daily-Bites";
				PRODUCT_NAME = "$(TARGET_NAME)";
				SWIFT_VERSION = 5.0;
				TARGETED_DEVICE_FAMILY = "1,2";
			};
			name = Release;
		};
		221F643E254A618400BA8AF2 /* Debug */ = {
			isa = XCBuildConfiguration;
			buildSettings = {
				ALWAYS_EMBED_SWIFT_STANDARD_LIBRARIES = YES;
				BUNDLE_LOADER = "$(TEST_HOST)";
				CODE_SIGN_STYLE = Automatic;
				DEVELOPMENT_TEAM = 8LWLHPB3V7;
				INFOPLIST_FILE = "Daily BitesTests/Info.plist";
				IPHONEOS_DEPLOYMENT_TARGET = 13.0;
				LD_RUNPATH_SEARCH_PATHS = (
					"$(inherited)",
					"@executable_path/Frameworks",
					"@loader_path/Frameworks",
				);
				PRODUCT_BUNDLE_IDENTIFIER = "lexiw.Daily-BitesTests";
				PRODUCT_NAME = "$(TARGET_NAME)";
				SWIFT_VERSION = 5.0;
				TARGETED_DEVICE_FAMILY = "1,2";
				TEST_HOST = "$(BUILT_PRODUCTS_DIR)/Daily Bites.app/Daily Bites";
			};
			name = Debug;
		};
		221F643F254A618400BA8AF2 /* Release */ = {
			isa = XCBuildConfiguration;
			buildSettings = {
				ALWAYS_EMBED_SWIFT_STANDARD_LIBRARIES = YES;
				BUNDLE_LOADER = "$(TEST_HOST)";
				CODE_SIGN_STYLE = Automatic;
				DEVELOPMENT_TEAM = 8LWLHPB3V7;
				INFOPLIST_FILE = "Daily BitesTests/Info.plist";
				IPHONEOS_DEPLOYMENT_TARGET = 13.0;
				LD_RUNPATH_SEARCH_PATHS = (
					"$(inherited)",
					"@executable_path/Frameworks",
					"@loader_path/Frameworks",
				);
				PRODUCT_BUNDLE_IDENTIFIER = "lexiw.Daily-BitesTests";
				PRODUCT_NAME = "$(TARGET_NAME)";
				SWIFT_VERSION = 5.0;
				TARGETED_DEVICE_FAMILY = "1,2";
				TEST_HOST = "$(BUILT_PRODUCTS_DIR)/Daily Bites.app/Daily Bites";
			};
			name = Release;
		};
		221F6441254A618400BA8AF2 /* Debug */ = {
			isa = XCBuildConfiguration;
			buildSettings = {
				ALWAYS_EMBED_SWIFT_STANDARD_LIBRARIES = YES;
				CODE_SIGN_STYLE = Automatic;
				DEVELOPMENT_TEAM = 8LWLHPB3V7;
				INFOPLIST_FILE = "Daily BitesUITests/Info.plist";
				LD_RUNPATH_SEARCH_PATHS = (
					"$(inherited)",
					"@executable_path/Frameworks",
					"@loader_path/Frameworks",
				);
				PRODUCT_BUNDLE_IDENTIFIER = "lexiw.Daily-BitesUITests";
				PRODUCT_NAME = "$(TARGET_NAME)";
				SWIFT_VERSION = 5.0;
				TARGETED_DEVICE_FAMILY = "1,2";
				TEST_TARGET_NAME = "Daily Bites";
			};
			name = Debug;
		};
		221F6442254A618400BA8AF2 /* Release */ = {
			isa = XCBuildConfiguration;
			buildSettings = {
				ALWAYS_EMBED_SWIFT_STANDARD_LIBRARIES = YES;
				CODE_SIGN_STYLE = Automatic;
				DEVELOPMENT_TEAM = 8LWLHPB3V7;
				INFOPLIST_FILE = "Daily BitesUITests/Info.plist";
				LD_RUNPATH_SEARCH_PATHS = (
					"$(inherited)",
					"@executable_path/Frameworks",
					"@loader_path/Frameworks",
				);
				PRODUCT_BUNDLE_IDENTIFIER = "lexiw.Daily-BitesUITests";
				PRODUCT_NAME = "$(TARGET_NAME)";
				SWIFT_VERSION = 5.0;
				TARGETED_DEVICE_FAMILY = "1,2";
				TEST_TARGET_NAME = "Daily Bites";
			};
			name = Release;
		};
/* End XCBuildConfiguration section */

/* Begin XCConfigurationList section */
		221F640B254A618000BA8AF2 /* Build configuration list for PBXProject "Daily Bites" */ = {
			isa = XCConfigurationList;
			buildConfigurations = (
				221F6438254A618400BA8AF2 /* Debug */,
				221F6439254A618400BA8AF2 /* Release */,
			);
			defaultConfigurationIsVisible = 0;
			defaultConfigurationName = Release;
		};
		221F643A254A618400BA8AF2 /* Build configuration list for PBXNativeTarget "Daily Bites" */ = {
			isa = XCConfigurationList;
			buildConfigurations = (
				221F643B254A618400BA8AF2 /* Debug */,
				221F643C254A618400BA8AF2 /* Release */,
			);
			defaultConfigurationIsVisible = 0;
			defaultConfigurationName = Release;
		};
		221F643D254A618400BA8AF2 /* Build configuration list for PBXNativeTarget "Daily BitesTests" */ = {
			isa = XCConfigurationList;
			buildConfigurations = (
				221F643E254A618400BA8AF2 /* Debug */,
				221F643F254A618400BA8AF2 /* Release */,
			);
			defaultConfigurationIsVisible = 0;
			defaultConfigurationName = Release;
		};
		221F6440254A618400BA8AF2 /* Build configuration list for PBXNativeTarget "Daily BitesUITests" */ = {
			isa = XCConfigurationList;
			buildConfigurations = (
				221F6441254A618400BA8AF2 /* Debug */,
				221F6442254A618400BA8AF2 /* Release */,
			);
			defaultConfigurationIsVisible = 0;
			defaultConfigurationName = Release;
		};
/* End XCConfigurationList section */

/* Begin XCRemoteSwiftPackageReference section */
		222171BB2623CBBE00865F1A /* XCRemoteSwiftPackageReference "siesta" */ = {
			isa = XCRemoteSwiftPackageReference;
			repositoryURL = "https://github.com/bustoutsolutions/siesta";
			requirement = {
				kind = upToNextMajorVersion;
				minimumVersion = 1.5.2;
			};
		};
/* End XCRemoteSwiftPackageReference section */

/* Begin XCSwiftPackageProductDependency section */
		222171BC2623CBBE00865F1A /* SiestaUI */ = {
			isa = XCSwiftPackageProductDependency;
			package = 222171BB2623CBBE00865F1A /* XCRemoteSwiftPackageReference "siesta" */;
			productName = SiestaUI;
		};
		222171BE2623CBBE00865F1A /* Siesta */ = {
			isa = XCSwiftPackageProductDependency;
			package = 222171BB2623CBBE00865F1A /* XCRemoteSwiftPackageReference "siesta" */;
			productName = Siesta;
		};
		222171C02623CBBE00865F1A /* Siesta_Alamofire */ = {
			isa = XCSwiftPackageProductDependency;
			package = 222171BB2623CBBE00865F1A /* XCRemoteSwiftPackageReference "siesta" */;
			productName = Siesta_Alamofire;
		};
/* End XCSwiftPackageProductDependency section */
	};
	rootObject = 221F6408254A618000BA8AF2 /* Project object */;
}
